
Microsoft Visual Studio Solution File, Format Version 12.00
Project("{FAE04EC0-301F-11D3-BF4B-00C04F79EFBC}") = "SortConsoleApp1", "SortConsoleApp1\SortConsoleApp1.csproj", "{103B9E46-C04C-498C-91B8-EC2907AEFDCA}"
EndProject
Global
	GlobalSection(SolutionConfigurationPlatforms) = preSolution
		Debug|Any CPU = Debug|Any CPU
		Release|Any CPU = Release|Any CPU
	EndGlobalSection
	GlobalSection(ProjectConfigurationPlatforms) = postSolution
		{103B9E46-C04C-498C-91B8-EC2907AEFDCA}.Debug|Any CPU.ActiveCfg = Debug|Any CPU
		{103B9E46-C04C-498C-91B8-EC2907AEFDCA}.Debug|Any CPU.Build.0 = Debug|Any CPU
		{103B9E46-C04C-498C-91B8-EC2907AEFDCA}.Release|Any CPU.ActiveCfg = Release|Any CPU
		{103B9E46-C04C-498C-91B8-EC2907AEFDCA}.Release|Any CPU.Build.0 = Release|Any CPU
	EndGlobalSection
EndGlobal
